
Microsoft Visual Studio Solution File, Format Version 12.00
# Visual Studio Version 17
VisualStudioVersion = 17.3.32922.545
MinimumVisualStudioVersion = 10.0.40219.1
Project("{FAE04EC0-301F-11D3-BF4B-00C04F79EFBC}") = "MonkeyFinderApp", "MonkeyFinderApp\MonkeyFinderApp.csproj", "{1691C798-A7CE-4BFE-9766-D94FB1CD5624}"
EndProject
Global
	GlobalSection(SolutionConfigurationPlatforms) = preSolution
		Debug|Any CPU = Debug|Any CPU
		Release|Any CPU = Release|Any CPU
	EndGlobalSection
	GlobalSection(ProjectConfigurationPlatforms) = postSolution
		{1691C798-A7CE-4BFE-9766-D94FB1CD5624}.Debug|Any CPU.ActiveCfg = Debug|Any CPU
		{1691C798-A7CE-4BFE-9766-D94FB1CD5624}.Debug|Any CPU.Build.0 = Debug|Any CPU
		{1691C798-A7CE-4BFE-9766-D94FB1CD5624}.Debug|Any CPU.Deploy.0 = Debug|Any CPU
		{1691C798-A7CE-4BFE-9766-D94FB1CD5624}.Release|Any CPU.ActiveCfg = Release|Any CPU
		{1691C798-A7CE-4BFE-9766-D94FB1CD5624}.Release|Any CPU.Build.0 = Release|Any CPU
		{1691C798-A7CE-4BFE-9766-D94FB1CD5624}.Release|Any CPU.Deploy.0 = Release|Any CPU
	EndGlobalSection
	GlobalSection(SolutionProperties) = preSolution
		HideSolutionNode = FALSE
	EndGlobalSection
	GlobalSection(ExtensibilityGlobals) = postSolution
		SolutionGuid = {15A76A52-0B6B-48E0-9BBB-FFF402323B68}
	EndGlobalSection
EndGlobal
